
Microsoft Visual Studio Solution File, Format Version 12.00
# Visual Studio Version 16
VisualStudioVersion = 16.0.30225.117
MinimumVisualStudioVersion = 10.0.40219.1
Project("{FAE04EC0-301F-11D3-BF4B-00C04F79EFBC}") = "ExpressionsAndOperators", "ExpressionsAndOperators\ExpressionsAndOperators.csproj", "{846F0A74-6923-4A1F-9C3A-6C9ED43E8AA7}"
EndProject
Global
	GlobalSection(SolutionConfigurationPlatforms) = preSolution
		Debug|Any CPU = Debug|Any CPU
		Release|Any CPU = Release|Any CPU
	EndGlobalSection
	GlobalSection(ProjectConfigurationPlatforms) = postSolution
		{846F0A74-6923-4A1F-9C3A-6C9ED43E8AA7}.Debug|Any CPU.ActiveCfg = Debug|Any CPU
		{846F0A74-6923-4A1F-9C3A-6C9ED43E8AA7}.Debug|Any CPU.Build.0 = Debug|Any CPU
		{846F0A74-6923-4A1F-9C3A-6C9ED43E8AA7}.Release|Any CPU.ActiveCfg = Release|Any CPU
		{846F0A74-6923-4A1F-9C3A-6C9ED43E8AA7}.Release|Any CPU.Build.0 = Release|Any CPU
	EndGlobalSection
	GlobalSection(SolutionProperties) = preSolution
		HideSolutionNode = FALSE
	EndGlobalSection
	GlobalSection(ExtensibilityGlobals) = postSolution
		SolutionGuid = {F8E40205-7DD9-4BFE-9CF8-ABBAA774E476}
	EndGlobalSection
EndGlobal
